{
  "name": "greencan",
  "lockfileVersion": 3,
  "requires": true,
  "packages": {
    "": {
      "dependencies": {
        "lucide": "^0.479.0"
      }
    },
    "node_modules/lucide": {
      "version": "0.479.0",
      "resolved": "https://registry.npmjs.org/lucide/-/lucide-0.479.0.tgz",
      "integrity": "sha512-TsoBbi2sUM1GHTYPH+KuT5KFqBDZ7HBiWfFA8RbbQXwXJBw9r9k/sguR61YXH/IV9pRqDEM6lNsyb8S9uQn/1g==",
      "license": "ISC"
    }
  }
}
